
Microsoft Visual Studio Solution File, Format Version 12.00
# Visual Studio 15
VisualStudioVersion = 15.0.28307.1525
MinimumVisualStudioVersion = 10.0.40219.1
Project("{FAE04EC0-301F-11D3-BF4B-00C04F79EFBC}") = "TimeSheet", "TimeSheet\TimeSheet.csproj", "{53AAFD7D-6492-4D29-A436-AC7D833453C9}"
EndProject
Global
	GlobalSection(SolutionConfigurationPlatforms) = preSolution
		Debug|Any CPU = Debug|Any CPU
		Release|Any CPU = Release|Any CPU
	EndGlobalSection
	GlobalSection(ProjectConfigurationPlatforms) = postSolution
		{53AAFD7D-6492-4D29-A436-AC7D833453C9}.Debug|Any CPU.ActiveCfg = Debug|Any CPU
		{53AAFD7D-6492-4D29-A436-AC7D833453C9}.Debug|Any CPU.Build.0 = Debug|Any CPU
		{53AAFD7D-6492-4D29-A436-AC7D833453C9}.Release|Any CPU.ActiveCfg = Release|Any CPU
		{53AAFD7D-6492-4D29-A436-AC7D833453C9}.Release|Any CPU.Build.0 = Release|Any CPU
	EndGlobalSection
	GlobalSection(SolutionProperties) = preSolution
		HideSolutionNode = FALSE
	EndGlobalSection
	GlobalSection(ExtensibilityGlobals) = postSolution
		SolutionGuid = {7F837AC8-E7F5-4A2C-9A77-F2E8A5404EDD}
	EndGlobalSection
EndGlobal
